// !$*UTF8*$!
{
	archiveVersion = 1;
	classes = {
	};
	objectVersion = 56;
	objects = {

/* Begin PBXBuildFile section */
		33843AA82A7D30E1000AE8BC /* FirebaseAuth in Frameworks */ = {isa = PBXBuildFile; productRef = 33843AA72A7D30E1000AE8BC /* FirebaseAuth */; };
		33843AAA2A7D30E1000AE8BC /* FirebaseDatabase in Frameworks */ = {isa = PBXBuildFile; productRef = 33843AA92A7D30E1000AE8BC /* FirebaseDatabase */; };
		33843AAC2A7D30E1000AE8BC /* FirebaseFirestore in Frameworks */ = {isa = PBXBuildFile; productRef = 33843AAB2A7D30E1000AE8BC /* FirebaseFirestore */; };
		33843AAE2A7D30E1000AE8BC /* FirebaseFirestoreSwift in Frameworks */ = {isa = PBXBuildFile; productRef = 33843AAD2A7D30E1000AE8BC /* FirebaseFirestoreSwift */; };
		33843AB02A7D30E1000AE8BC /* FirebaseStorage in Frameworks */ = {isa = PBXBuildFile; productRef = 33843AAF2A7D30E1000AE8BC /* FirebaseStorage */; };
		33843AB52A7D31AA000AE8BC /* LoginView.swift in Sources */ = {isa = PBXBuildFile; fileRef = 33843AB42A7D31AA000AE8BC /* LoginView.swift */; };
		33843AB82A7D35F4000AE8BC /* SignUpManager.swift in Sources */ = {isa = PBXBuildFile; fileRef = 33843AB72A7D35F4000AE8BC /* SignUpManager.swift */; };
		33843ABA2A7D3727000AE8BC /* SignUpView.swift in Sources */ = {isa = PBXBuildFile; fileRef = 33843AB92A7D3727000AE8BC /* SignUpView.swift */; };
		33843ABC2A7D53E6000AE8BC /* Plans.swift in Sources */ = {isa = PBXBuildFile; fileRef = 33843ABB2A7D53E6000AE8BC /* Plans.swift */; };
		33843ABF2A7D5571000AE8BC /* PlansData.swift in Sources */ = {isa = PBXBuildFile; fileRef = 33843ABE2A7D5571000AE8BC /* PlansData.swift */; };
		33843AC22A7D5714000AE8BC /* PlansView.swift in Sources */ = {isa = PBXBuildFile; fileRef = 33843AC12A7D5714000AE8BC /* PlansView.swift */; };
		33D882C22A7D26A200F3766E /* Rich_PanelApp.swift in Sources */ = {isa = PBXBuildFile; fileRef = 33D882C12A7D26A200F3766E /* Rich_PanelApp.swift */; };
		33D882C42A7D26A200F3766E /* ContentView.swift in Sources */ = {isa = PBXBuildFile; fileRef = 33D882C32A7D26A200F3766E /* ContentView.swift */; };
		33D882C62A7D26A300F3766E /* Assets.xcassets in Resources */ = {isa = PBXBuildFile; fileRef = 33D882C52A7D26A300F3766E /* Assets.xcassets */; };
		33D882C92A7D26A300F3766E /* Preview Assets.xcassets in Resources */ = {isa = PBXBuildFile; fileRef = 33D882C82A7D26A300F3766E /* Preview Assets.xcassets */; };
		33D882D22A7D28B300F3766E /* GoogleService-Info.plist in Resources */ = {isa = PBXBuildFile; fileRef = 33D882D12A7D28B300F3766E /* GoogleService-Info.plist */; };
/* End PBXBuildFile section */

/* Begin PBXFileReference section */
		33843AB42A7D31AA000AE8BC /* LoginView.swift */ = {isa = PBXFileReference; lastKnownFileType = sourcecode.swift; path = LoginView.swift; sourceTree = "<group>"; };
		33843AB72A7D35F4000AE8BC /* SignUpManager.swift */ = {isa = PBXFileReference; lastKnownFileType = sourcecode.swift; path = SignUpManager.swift; sourceTree = "<group>"; };
		33843AB92A7D3727000AE8BC /* SignUpView.swift */ = {isa = PBXFileReference; lastKnownFileType = sourcecode.swift; path = SignUpView.swift; sourceTree = "<group>"; };
		33843ABB2A7D53E6000AE8BC /* Plans.swift */ = {isa = PBXFileReference; lastKnownFileType = sourcecode.swift; path = Plans.swift; sourceTree = "<group>"; };
		33843ABE2A7D5571000AE8BC /* PlansData.swift */ = {isa = PBXFileReference; lastKnownFileType = sourcecode.swift; path = PlansData.swift; sourceTree = "<group>"; };
		33843AC12A7D5714000AE8BC /* PlansView.swift */ = {isa = PBXFileReference; lastKnownFileType = sourcecode.swift; path = PlansView.swift; sourceTree = "<group>"; };
		33D882BE2A7D26A200F3766E /* Rich Panel.app */ = {isa = PBXFileReference; explicitFileType = wrapper.application; includeInIndex = 0; path = "Rich Panel.app"; sourceTree = BUILT_PRODUCTS_DIR; };
		33D882C12A7D26A200F3766E /* Rich_PanelApp.swift */ = {isa = PBXFileReference; lastKnownFileType = sourcecode.swift; path = Rich_PanelApp.swift; sourceTree = "<group>"; };
		33D882C32A7D26A200F3766E /* ContentView.swift */ = {isa = PBXFileReference; lastKnownFileType = sourcecode.swift; path = ContentView.swift; sourceTree = "<group>"; };
		33D882C52A7D26A300F3766E /* Assets.xcassets */ = {isa = PBXFileReference; lastKnownFileType = folder.assetcatalog; path = Assets.xcassets; sourceTree = "<group>"; };
		33D882C82A7D26A300F3766E /* Preview Assets.xcassets */ = {isa = PBXFileReference; lastKnownFileType = folder.assetcatalog; path = "Preview Assets.xcassets"; sourceTree = "<group>"; };
		33D882D12A7D28B300F3766E /* GoogleService-Info.plist */ = {isa = PBXFileReference; fileEncoding = 4; lastKnownFileType = text.plist.xml; path = "GoogleService-Info.plist"; sourceTree = "<group>"; };
/* End PBXFileReference section */

/* Begin PBXFrameworksBuildPhase section */
		33D882BB2A7D26A200F3766E /* Frameworks */ = {
			isa = PBXFrameworksBuildPhase;
			buildActionMask = 2147483647;
			files = (
				33843AAA2A7D30E1000AE8BC /* FirebaseDatabase in Frameworks */,
				33843AA82A7D30E1000AE8BC /* FirebaseAuth in Frameworks */,
				33843AAC2A7D30E1000AE8BC /* FirebaseFirestore in Frameworks */,
				33843AB02A7D30E1000AE8BC /* FirebaseStorage in Frameworks */,
				33843AAE2A7D30E1000AE8BC /* FirebaseFirestoreSwift in Frameworks */,
			);
			runOnlyForDeploymentPostprocessing = 0;
		};
/* End PBXFrameworksBuildPhase section */

/* Begin PBXGroup section */
		33843AB12A7D316A000AE8BC /* View */ = {
			isa = PBXGroup;
			children = (
				33843AC02A7D56E1000AE8BC /* Login */,
				33843AC12A7D5714000AE8BC /* PlansView.swift */,
			);
			path = View;
			sourceTree = "<group>";
		};
		33843AB22A7D3174000AE8BC /* ViewModel */ = {
			isa = PBXGroup;
			children = (
			);
			path = ViewModel;
			sourceTree = "<group>";
		};
		33843AB32A7D317F000AE8BC /* Model */ = {
			isa = PBXGroup;
			children = (
				33843ABB2A7D53E6000AE8BC /* Plans.swift */,
			);
			path = Model;
			sourceTree = "<group>";
		};
		33843AB62A7D35DA000AE8BC /* Manager */ = {
			isa = PBXGroup;
			children = (
				33843AB72A7D35F4000AE8BC /* SignUpManager.swift */,
			);
			path = Manager;
			sourceTree = "<group>";
		};
		33843ABD2A7D555C000AE8BC /* Resources */ = {
			isa = PBXGroup;
			children = (
				33843ABE2A7D5571000AE8BC /* PlansData.swift */,
			);
			path = Resources;
			sourceTree = "<group>";
		};
		33843AC02A7D56E1000AE8BC /* Login */ = {
			isa = PBXGroup;
			children = (
				33843AB42A7D31AA000AE8BC /* LoginView.swift */,
				33843AB92A7D3727000AE8BC /* SignUpView.swift */,
			);
			path = Login;
			sourceTree = "<group>";
		};
		33D882B52A7D26A200F3766E = {
			isa = PBXGroup;
			children = (
				33D882C02A7D26A200F3766E /* Rich Panel */,
				33D882BF2A7D26A200F3766E /* Products */,
			);
			sourceTree = "<group>";
		};
		33D882BF2A7D26A200F3766E /* Products */ = {
			isa = PBXGroup;
			children = (
				33D882BE2A7D26A200F3766E /* Rich Panel.app */,
			);
			name = Products;
			sourceTree = "<group>";
		};
		33D882C02A7D26A200F3766E /* Rich Panel */ = {
			isa = PBXGroup;
			children = (
				33D882C12A7D26A200F3766E /* Rich_PanelApp.swift */,
				33D882C32A7D26A200F3766E /* ContentView.swift */,
				33843AB32A7D317F000AE8BC /* Model */,
				33843AB12A7D316A000AE8BC /* View */,
				33843AB22A7D3174000AE8BC /* ViewModel */,
				33843AB62A7D35DA000AE8BC /* Manager */,
				33843ABD2A7D555C000AE8BC /* Resources */,
				33D882C52A7D26A300F3766E /* Assets.xcassets */,
				33D882D12A7D28B300F3766E /* GoogleService-Info.plist */,
				33D882C72A7D26A300F3766E /* Preview Content */,
			);
			path = "Rich Panel";
			sourceTree = "<group>";
		};
		33D882C72A7D26A300F3766E /* Preview Content */ = {
			isa = PBXGroup;
			children = (
				33D882C82A7D26A300F3766E /* Preview Assets.xcassets */,
			);
			path = "Preview Content";
			sourceTree = "<group>";
		};
/* End PBXGroup section */

/* Begin PBXNativeTarget section */
		33D882BD2A7D26A200F3766E /* Rich Panel */ = {
			isa = PBXNativeTarget;
			buildConfigurationList = 33D882CC2A7D26A300F3766E /* Build configuration list for PBXNativeTarget "Rich Panel" */;
			buildPhases = (
				33D882BA2A7D26A200F3766E /* Sources */,
				33D882BB2A7D26A200F3766E /* Frameworks */,
				33D882BC2A7D26A200F3766E /* Resources */,
			);
			buildRules = (
			);
			dependencies = (
			);
			name = "Rich Panel";
			packageProductDependencies = (
				33843AA72A7D30E1000AE8BC /* FirebaseAuth */,
				33843AA92A7D30E1000AE8BC /* FirebaseDatabase */,
				33843AAB2A7D30E1000AE8BC /* FirebaseFirestore */,
				33843AAD2A7D30E1000AE8BC /* FirebaseFirestoreSwift */,
				33843AAF2A7D30E1000AE8BC /* FirebaseStorage */,
			);
			productName = "Rich Panel";
			productReference = 33D882BE2A7D26A200F3766E /* Rich Panel.app */;
			productType = "com.apple.product-type.application";
		};
/* End PBXNativeTarget section */

/* Begin PBXProject section */
		33D882B62A7D26A200F3766E /* Project object */ = {
			isa = PBXProject;
			attributes = {
				BuildIndependentTargetsInParallel = 1;
				LastSwiftUpdateCheck = 1430;
				LastUpgradeCheck = 1430;
				TargetAttributes = {
					33D882BD2A7D26A200F3766E = {
						CreatedOnToolsVersion = 14.3.1;
					};
				};
			};
			buildConfigurationList = 33D882B92A7D26A200F3766E /* Build configuration list for PBXProject "Rich Panel" */;
			compatibilityVersion = "Xcode 14.0";
			developmentRegion = en;
			hasScannedForEncodings = 0;
			knownRegions = (
				en,
				Base,
			);
			mainGroup = 33D882B52A7D26A200F3766E;
			packageReferences = (
				33843AA62A7D30E1000AE8BC /* XCRemoteSwiftPackageReference "firebase-ios-sdk" */,
			);
			productRefGroup = 33D882BF2A7D26A200F3766E /* Products */;
			projectDirPath = "";
			projectRoot = "";
			targets = (
				33D882BD2A7D26A200F3766E /* Rich Panel */,
			);
		};
/* End PBXProject section */

/* Begin PBXResourcesBuildPhase section */
		33D882BC2A7D26A200F3766E /* Resources */ = {
			isa = PBXResourcesBuildPhase;
			buildActionMask = 2147483647;
			files = (
				33D882C92A7D26A300F3766E /* Preview Assets.xcassets in Resources */,
				33D882C62A7D26A300F3766E /* Assets.xcassets in Resources */,
				33D882D22A7D28B300F3766E /* GoogleService-Info.plist in Resources */,
			);
			runOnlyForDeploymentPostprocessing = 0;
		};
/* End PBXResourcesBuildPhase section */

/* Begin PBXSourcesBuildPhase section */
		33D882BA2A7D26A200F3766E /* Sources */ = {
			isa = PBXSourcesBuildPhase;
			buildActionMask = 2147483647;
			files = (
				33843AB52A7D31AA000AE8BC /* LoginView.swift in Sources */,
				33843ABA2A7D3727000AE8BC /* SignUpView.swift in Sources */,
				33843AB82A7D35F4000AE8BC /* SignUpManager.swift in Sources */,
				33843AC22A7D5714000AE8BC /* PlansView.swift in Sources */,
				33843ABF2A7D5571000AE8BC /* PlansData.swift in Sources */,
				33D882C42A7D26A200F3766E /* ContentView.swift in Sources */,
				33843ABC2A7D53E6000AE8BC /* Plans.swift in Sources */,
				33D882C22A7D26A200F3766E /* Rich_PanelApp.swift in Sources */,
			);
			runOnlyForDeploymentPostprocessing = 0;
		};
/* End PBXSourcesBuildPhase section */

/* Begin XCBuildConfiguration section */
		33D882CA2A7D26A300F3766E /* Debug */ = {
			isa = XCBuildConfiguration;
			buildSettings = {
				ALWAYS_SEARCH_USER_PATHS = NO;
				CLANG_ANALYZER_NONNULL = YES;
				CLANG_ANALYZER_NUMBER_OBJECT_CONVERSION = YES_AGGRESSIVE;
				CLANG_CXX_LANGUAGE_STANDARD = "gnu++20";
				CLANG_ENABLE_MODULES = YES;
				CLANG_ENABLE_OBJC_ARC = YES;
				CLANG_ENABLE_OBJC_WEAK = YES;
				CLANG_WARN_BLOCK_CAPTURE_AUTORELEASING = YES;
				CLANG_WARN_BOOL_CONVERSION = YES;
				CLANG_WARN_COMMA = YES;
				CLANG_WARN_CONSTANT_CONVERSION = YES;
				CLANG_WARN_DEPRECATED_OBJC_IMPLEMENTATIONS = YES;
				CLANG_WARN_DIRECT_OBJC_ISA_USAGE = YES_ERROR;
				CLANG_WARN_DOCUMENTATION_COMMENTS = YES;
				CLANG_WARN_EMPTY_BODY = YES;
				CLANG_WARN_ENUM_CONVERSION = YES;
				CLANG_WARN_INFINITE_RECURSION = YES;
				CLANG_WARN_INT_CONVERSION = YES;
				CLANG_WARN_NON_LITERAL_NULL_CONVERSION = YES;
				CLANG_WARN_OBJC_IMPLICIT_RETAIN_SELF = YES;
				CLANG_WARN_OBJC_LITERAL_CONVERSION = YES;
				CLANG_WARN_OBJC_ROOT_CLASS = YES_ERROR;
				CLANG_WARN_QUOTED_INCLUDE_IN_FRAMEWORK_HEADER = YES;
				CLANG_WARN_RANGE_LOOP_ANALYSIS = YES;
				CLANG_WARN_STRICT_PROTOTYPES = YES;
				CLANG_WARN_SUSPICIOUS_MOVE = YES;
				CLANG_WARN_UNGUARDED_AVAILABILITY = YES_AGGRESSIVE;
				CLANG_WARN_UNREACHABLE_CODE = YES;
				CLANG_WARN__DUPLICATE_METHOD_MATCH = YES;
				COPY_PHASE_STRIP = NO;
				DEBUG_INFORMATION_FORMAT = dwarf;
				ENABLE_STRICT_OBJC_MSGSEND = YES;
				ENABLE_TESTABILITY = YES;
				GCC_C_LANGUAGE_STANDARD = gnu11;
				GCC_DYNAMIC_NO_PIC = NO;
				GCC_NO_COMMON_BLOCKS = YES;
				GCC_OPTIMIZATION_LEVEL = 0;
				GCC_PREPROCESSOR_DEFINITIONS = (
					"DEBUG=1",
					"$(inherited)",
				);
				GCC_WARN_64_TO_32_BIT_CONVERSION = YES;
				GCC_WARN_ABOUT_RETURN_TYPE = YES_ERROR;
				GCC_WARN_UNDECLARED_SELECTOR = YES;
				GCC_WARN_UNINITIALIZED_AUTOS = YES_AGGRESSIVE;
				GCC_WARN_UNUSED_FUNCTION = YES;
				GCC_WARN_UNUSED_VARIABLE = YES;
				IPHONEOS_DEPLOYMENT_TARGET = 16.4;
				MTL_ENABLE_DEBUG_INFO = INCLUDE_SOURCE;
				MTL_FAST_MATH = YES;
				ONLY_ACTIVE_ARCH = YES;
				SDKROOT = iphoneos;
				SWIFT_ACTIVE_COMPILATION_CONDITIONS = DEBUG;
				SWIFT_OPTIMIZATION_LEVEL = "-Onone";
			};
			name = Debug;
		};
		33D882CB2A7D26A300F3766E /* Release */ = {
			isa = XCBuildConfiguration;
			buildSettings = {
				ALWAYS_SEARCH_USER_PATHS = NO;
				CLANG_ANALYZER_NONNULL = YES;
				CLANG_ANALYZER_NUMBER_OBJECT_CONVERSION = YES_AGGRESSIVE;
				CLANG_CXX_LANGUAGE_STANDARD = "gnu++20";
				CLANG_ENABLE_MODULES = YES;
				CLANG_ENABLE_OBJC_ARC = YES;
				CLANG_ENABLE_OBJC_WEAK = YES;
				CLANG_WARN_BLOCK_CAPTURE_AUTORELEASING = YES;
				CLANG_WARN_BOOL_CONVERSION = YES;
				CLANG_WARN_COMMA = YES;
				CLANG_WARN_CONSTANT_CONVERSION = YES;
				CLANG_WARN_DEPRECATED_OBJC_IMPLEMENTATIONS = YES;
				CLANG_WARN_DIRECT_OBJC_ISA_USAGE = YES_ERROR;
				CLANG_WARN_DOCUMENTATION_COMMENTS = YES;
				CLANG_WARN_EMPTY_BODY = YES;
				CLANG_WARN_ENUM_CONVERSION = YES;
				CLANG_WARN_INFINITE_RECURSION = YES;
				CLANG_WARN_INT_CONVERSION = YES;
				CLANG_WARN_NON_LITERAL_NULL_CONVERSION = YES;
				CLANG_WARN_OBJC_IMPLICIT_RETAIN_SELF = YES;
				CLANG_WARN_OBJC_LITERAL_CONVERSION = YES;
				CLANG_WARN_OBJC_ROOT_CLASS = YES_ERROR;
				CLANG_WARN_QUOTED_INCLUDE_IN_FRAMEWORK_HEADER = YES;
				CLANG_WARN_RANGE_LOOP_ANALYSIS = YES;
				CLANG_WARN_STRICT_PROTOTYPES = YES;
				CLANG_WARN_SUSPICIOUS_MOVE = YES;
				CLANG_WARN_UNGUARDED_AVAILABILITY = YES_AGGRESSIVE;
				CLANG_WARN_UNREACHABLE_CODE = YES;
				CLANG_WARN__DUPLICATE_METHOD_MATCH = YES;
				COPY_PHASE_STRIP = NO;
				DEBUG_INFORMATION_FORMAT = "dwarf-with-dsym";
				ENABLE_NS_ASSERTIONS = NO;
				ENABLE_STRICT_OBJC_MSGSEND = YES;
				GCC_C_LANGUAGE_STANDARD = gnu11;
				GCC_NO_COMMON_BLOCKS = YES;
				GCC_WARN_64_TO_32_BIT_CONVERSION = YES;
				GCC_WARN_ABOUT_RETURN_TYPE = YES_ERROR;
				GCC_WARN_UNDECLARED_SELECTOR = YES;
				GCC_WARN_UNINITIALIZED_AUTOS = YES_AGGRESSIVE;
				GCC_WARN_UNUSED_FUNCTION = YES;
				GCC_WARN_UNUSED_VARIABLE = YES;
				IPHONEOS_DEPLOYMENT_TARGET = 16.4;
				MTL_ENABLE_DEBUG_INFO = NO;
				MTL_FAST_MATH = YES;
				SDKROOT = iphoneos;
				SWIFT_COMPILATION_MODE = wholemodule;
				SWIFT_OPTIMIZATION_LEVEL = "-O";
				VALIDATE_PRODUCT = YES;
			};
			name = Release;
		};
		33D882CD2A7D26A300F3766E /* Debug */ = {
			isa = XCBuildConfiguration;
			buildSettings = {
				ASSETCATALOG_COMPILER_APPICON_NAME = AppIcon;
				ASSETCATALOG_COMPILER_GLOBAL_ACCENT_COLOR_NAME = AccentColor;
				CODE_SIGN_STYLE = Automatic;
				CURRENT_PROJECT_VERSION = 1;
				DEVELOPMENT_ASSET_PATHS = "\"Rich Panel/Preview Content\"";
				DEVELOPMENT_TEAM = 4285Q8GQW5;
				ENABLE_PREVIEWS = YES;
				GENERATE_INFOPLIST_FILE = YES;
				INFOPLIST_KEY_UIApplicationSceneManifest_Generation = YES;
				INFOPLIST_KEY_UIApplicationSupportsIndirectInputEvents = YES;
				INFOPLIST_KEY_UILaunchScreen_Generation = YES;
				INFOPLIST_KEY_UISupportedInterfaceOrientations_iPad = "UIInterfaceOrientationPortrait UIInterfaceOrientationPortraitUpsideDown UIInterfaceOrientationLandscapeLeft UIInterfaceOrientationLandscapeRight";
				INFOPLIST_KEY_UISupportedInterfaceOrientations_iPhone = "UIInterfaceOrientationPortrait UIInterfaceOrientationLandscapeLeft UIInterfaceOrientationLandscapeRight";
				LD_RUNPATH_SEARCH_PATHS = (
					"$(inherited)",
					"@executable_path/Frameworks",
				);
				MARKETING_VERSION = 1.0;
				PRODUCT_BUNDLE_IDENTIFIER = "Prakhar.Rich-Panel";
				PRODUCT_NAME = "$(TARGET_NAME)";
				SWIFT_EMIT_LOC_STRINGS = YES;
				SWIFT_VERSION = 5.0;
				TARGETED_DEVICE_FAMILY = "1,2";
			};
			name = Debug;
		};
		33D882CE2A7D26A300F3766E /* Release */ = {
			isa = XCBuildConfiguration;
			buildSettings = {
				ASSETCATALOG_COMPILER_APPICON_NAME = AppIcon;
				ASSETCATALOG_COMPILER_GLOBAL_ACCENT_COLOR_NAME = AccentColor;
				CODE_SIGN_STYLE = Automatic;
				CURRENT_PROJECT_VERSION = 1;
				DEVELOPMENT_ASSET_PATHS = "\"Rich Panel/Preview Content\"";
				DEVELOPMENT_TEAM = 4285Q8GQW5;
				ENABLE_PREVIEWS = YES;
				GENERATE_INFOPLIST_FILE = YES;
				INFOPLIST_KEY_UIApplicationSceneManifest_Generation = YES;
				INFOPLIST_KEY_UIApplicationSupportsIndirectInputEvents = YES;
				INFOPLIST_KEY_UILaunchScreen_Generation = YES;
				INFOPLIST_KEY_UISupportedInterfaceOrientations_iPad = "UIInterfaceOrientationPortrait UIInterfaceOrientationPortraitUpsideDown UIInterfaceOrientationLandscapeLeft UIInterfaceOrientationLandscapeRight";
				INFOPLIST_KEY_UISupportedInterfaceOrientations_iPhone = "UIInterfaceOrientationPortrait UIInterfaceOrientationLandscapeLeft UIInterfaceOrientationLandscapeRight";
				LD_RUNPATH_SEARCH_PATHS = (
					"$(inherited)",
					"@executable_path/Frameworks",
				);
				MARKETING_VERSION = 1.0;
				PRODUCT_BUNDLE_IDENTIFIER = "Prakhar.Rich-Panel";
				PRODUCT_NAME = "$(TARGET_NAME)";
				SWIFT_EMIT_LOC_STRINGS = YES;
				SWIFT_VERSION = 5.0;
				TARGETED_DEVICE_FAMILY = "1,2";
			};
			name = Release;
		};
/* End XCBuildConfiguration section */

/* Begin XCConfigurationList section */
		33D882B92A7D26A200F3766E /* Build configuration list for PBXProject "Rich Panel" */ = {
			isa = XCConfigurationList;
			buildConfigurations = (
				33D882CA2A7D26A300F3766E /* Debug */,
				33D882CB2A7D26A300F3766E /* Release */,
			);
			defaultConfigurationIsVisible = 0;
			defaultConfigurationName = Release;
		};
		33D882CC2A7D26A300F3766E /* Build configuration list for PBXNativeTarget "Rich Panel" */ = {
			isa = XCConfigurationList;
			buildConfigurations = (
				33D882CD2A7D26A300F3766E /* Debug */,
				33D882CE2A7D26A300F3766E /* Release */,
			);
			defaultConfigurationIsVisible = 0;
			defaultConfigurationName = Release;
		};
/* End XCConfigurationList section */

/* Begin XCRemoteSwiftPackageReference section */
		33843AA62A7D30E1000AE8BC /* XCRemoteSwiftPackageReference "firebase-ios-sdk" */ = {
			isa = XCRemoteSwiftPackageReference;
			repositoryURL = "git@github.com:firebase/firebase-ios-sdk.git";
			requirement = {
				kind = upToNextMajorVersion;
				minimumVersion = 10.0.0;
			};
		};
/* End XCRemoteSwiftPackageReference section */

/* Begin XCSwiftPackageProductDependency section */
		33843AA72A7D30E1000AE8BC /* FirebaseAuth */ = {
			isa = XCSwiftPackageProductDependency;
			package = 33843AA62A7D30E1000AE8BC /* XCRemoteSwiftPackageReference "firebase-ios-sdk" */;
			productName = FirebaseAuth;
		};
		33843AA92A7D30E1000AE8BC /* FirebaseDatabase */ = {
			isa = XCSwiftPackageProductDependency;
			package = 33843AA62A7D30E1000AE8BC /* XCRemoteSwiftPackageReference "firebase-ios-sdk" */;
			productName = FirebaseDatabase;
		};
		33843AAB2A7D30E1000AE8BC /* FirebaseFirestore */ = {
			isa = XCSwiftPackageProductDependency;
			package = 33843AA62A7D30E1000AE8BC /* XCRemoteSwiftPackageReference "firebase-ios-sdk" */;
			productName = FirebaseFirestore;
		};
		33843AAD2A7D30E1000AE8BC /* FirebaseFirestoreSwift */ = {
			isa = XCSwiftPackageProductDependency;
			package = 33843AA62A7D30E1000AE8BC /* XCRemoteSwiftPackageReference "firebase-ios-sdk" */;
			productName = FirebaseFirestoreSwift;
		};
		33843AAF2A7D30E1000AE8BC /* FirebaseStorage */ = {
			isa = XCSwiftPackageProductDependency;
			package = 33843AA62A7D30E1000AE8BC /* XCRemoteSwiftPackageReference "firebase-ios-sdk" */;
			productName = FirebaseStorage;
		};
/* End XCSwiftPackageProductDependency section */
	};
	rootObject = 33D882B62A7D26A200F3766E /* Project object */;
}
